
Microsoft Visual Studio Solution File, Format Version 12.00
# Visual Studio Version 17
VisualStudioVersion = 17.8.34309.116
MinimumVisualStudioVersion = 10.0.40219.1
Project("{FAE04EC0-301F-11D3-BF4B-00C04F79EFBC}") = "UserServiceAPI", "UserServiceAPI\UserServiceAPI.csproj", "{9C0CACD6-3574-4F39-B53A-4CEFA9BCEC19}"
EndProject
Project("{FAE04EC0-301F-11D3-BF4B-00C04F79EFBC}") = "BlogServiceAPI", "BlogServiceAPI\BlogServiceAPI.csproj", "{F19711C2-2647-40CC-92C7-799B6E961AF0}"
EndProject
Project("{FAE04EC0-301F-11D3-BF4B-00C04F79EFBC}") = "Gateway", "Gateway\Gateway.csproj", "{1EC2290E-B3F8-4FF5-80E4-0B8471775687}"
EndProject
Global
	GlobalSection(SolutionConfigurationPlatforms) = preSolution
		Debug|Any CPU = Debug|Any CPU
		Release|Any CPU = Release|Any CPU
	EndGlobalSection
	GlobalSection(ProjectConfigurationPlatforms) = postSolution
		{9C0CACD6-3574-4F39-B53A-4CEFA9BCEC19}.Debug|Any CPU.ActiveCfg = Debug|Any CPU
		{9C0CACD6-3574-4F39-B53A-4CEFA9BCEC19}.Debug|Any CPU.Build.0 = Debug|Any CPU
		{9C0CACD6-3574-4F39-B53A-4CEFA9BCEC19}.Release|Any CPU.ActiveCfg = Release|Any CPU
		{9C0CACD6-3574-4F39-B53A-4CEFA9BCEC19}.Release|Any CPU.Build.0 = Release|Any CPU
		{F19711C2-2647-40CC-92C7-799B6E961AF0}.Debug|Any CPU.ActiveCfg = Debug|Any CPU
		{F19711C2-2647-40CC-92C7-799B6E961AF0}.Debug|Any CPU.Build.0 = Debug|Any CPU
		{F19711C2-2647-40CC-92C7-799B6E961AF0}.Release|Any CPU.ActiveCfg = Release|Any CPU
		{F19711C2-2647-40CC-92C7-799B6E961AF0}.Release|Any CPU.Build.0 = Release|Any CPU
		{1EC2290E-B3F8-4FF5-80E4-0B8471775687}.Debug|Any CPU.ActiveCfg = Debug|Any CPU
		{1EC2290E-B3F8-4FF5-80E4-0B8471775687}.Debug|Any CPU.Build.0 = Debug|Any CPU
		{1EC2290E-B3F8-4FF5-80E4-0B8471775687}.Release|Any CPU.ActiveCfg = Release|Any CPU
		{1EC2290E-B3F8-4FF5-80E4-0B8471775687}.Release|Any CPU.Build.0 = Release|Any CPU
	EndGlobalSection
	GlobalSection(SolutionProperties) = preSolution
		HideSolutionNode = FALSE
	EndGlobalSection
	GlobalSection(ExtensibilityGlobals) = postSolution
		SolutionGuid = {3860FBF0-8CAB-476F-A6E0-E1B5D6072FA9}
	EndGlobalSection
EndGlobal
